
Microsoft Visual Studio Solution File, Format Version 12.00
# Visual Studio Version 17
VisualStudioVersion = 17.9.34701.34
MinimumVisualStudioVersion = 10.0.40219.1
Project("{FAE04EC0-301F-11D3-BF4B-00C04F79EFBC}") = "ModuloVentas", "ModuloVentas\ModuloVentas.csproj", "{001F8452-7D60-4AF2-BD8E-D6AC10341AE2}"
EndProject
Global
	GlobalSection(SolutionConfigurationPlatforms) = preSolution
		Debug|Any CPU = Debug|Any CPU
		Release|Any CPU = Release|Any CPU
	EndGlobalSection
	GlobalSection(ProjectConfigurationPlatforms) = postSolution
		{001F8452-7D60-4AF2-BD8E-D6AC10341AE2}.Debug|Any CPU.ActiveCfg = Debug|Any CPU
		{001F8452-7D60-4AF2-BD8E-D6AC10341AE2}.Debug|Any CPU.Build.0 = Debug|Any CPU
		{001F8452-7D60-4AF2-BD8E-D6AC10341AE2}.Release|Any CPU.ActiveCfg = Release|Any CPU
		{001F8452-7D60-4AF2-BD8E-D6AC10341AE2}.Release|Any CPU.Build.0 = Release|Any CPU
	EndGlobalSection
	GlobalSection(SolutionProperties) = preSolution
		HideSolutionNode = FALSE
	EndGlobalSection
	GlobalSection(ExtensibilityGlobals) = postSolution
		SolutionGuid = {EFF1A3E3-9DCD-4EDD-9237-53F4257C38BC}
	EndGlobalSection
EndGlobal
